
Microsoft Visual Studio Solution File, Format Version 12.00
# Visual Studio Version 17
VisualStudioVersion = 17.14.36401.2 d17.14
MinimumVisualStudioVersion = 10.0.40219.1
Project("{FAE04EC0-301F-11D3-BF4B-00C04F79EFBC}") = "AuthTestClient", "AuthTestClient\AuthTestClient.csproj", "{FEF455F1-B30A-4721-909F-05624E22DC83}"
EndProject
Project("{FAE04EC0-301F-11D3-BF4B-00C04F79EFBC}") = "AuthTestServer", "AuthTestServer\AuthTestServer.csproj", "{80368FAE-C464-4A20-AB85-F68F874A4D1B}"
EndProject
Global
	GlobalSection(SolutionConfigurationPlatforms) = preSolution
		Debug|Any CPU = Debug|Any CPU
		Release|Any CPU = Release|Any CPU
	EndGlobalSection
	GlobalSection(ProjectConfigurationPlatforms) = postSolution
		{FEF455F1-B30A-4721-909F-05624E22DC83}.Debug|Any CPU.ActiveCfg = Debug|Any CPU
		{FEF455F1-B30A-4721-909F-05624E22DC83}.Debug|Any CPU.Build.0 = Debug|Any CPU
		{FEF455F1-B30A-4721-909F-05624E22DC83}.Release|Any CPU.ActiveCfg = Release|Any CPU
		{FEF455F1-B30A-4721-909F-05624E22DC83}.Release|Any CPU.Build.0 = Release|Any CPU
		{80368FAE-C464-4A20-AB85-F68F874A4D1B}.Debug|Any CPU.ActiveCfg = Debug|Any CPU
		{80368FAE-C464-4A20-AB85-F68F874A4D1B}.Debug|Any CPU.Build.0 = Debug|Any CPU
		{80368FAE-C464-4A20-AB85-F68F874A4D1B}.Release|Any CPU.ActiveCfg = Release|Any CPU
		{80368FAE-C464-4A20-AB85-F68F874A4D1B}.Release|Any CPU.Build.0 = Release|Any CPU
	EndGlobalSection
	GlobalSection(SolutionProperties) = preSolution
		HideSolutionNode = FALSE
	EndGlobalSection
	GlobalSection(ExtensibilityGlobals) = postSolution
		SolutionGuid = {D1BECDCF-8802-4AEC-BC16-8FEE792D94AD}
	EndGlobalSection
EndGlobal
